PODS:
  - Alamofire (5.4.4)
  - Device (3.1.2)
  - IQKeyboardManagerSwift (6.1.1)
  - R.swift (5.0.3):
    - R.swift.Library (~> 5.0.0)
  - R.swift.Library (5.0.1)
  - RSFontSizes (1.0.2):
    - Device (~> 3.1.2)
  - RxCocoa (6.2.0):
    - RxRelay (= 6.2.0)
    - RxSwift (= 6.2.0)
  - RxRelay (6.2.0):
    - RxSwift (= 6.2.0)
  - RxSwift (6.2.0)
  - SDWebImage (5.12.1):
    - SDWebImage/Core (= 5.12.1)
  - SDWebImage/Core (5.12.1)
  - SwiftLint (0.43.1)

DEPENDENCIES:
  - Alamofire (~> 5.4)
  - IQKeyboardManagerSwift (~> 6.1.1)
  - R.swift (~> 5.0.3)
  - RSFontSizes (~> 1.0.2)
  - RxCocoa (= 6.2.0)
  - RxSwift (= 6.2.0)
  - SDWebImage (~> 5.0)
  - SwiftLint (~> 0.43.1)

SPEC REPOS:
  trunk:
    - Alamofire
    - Device
    - IQKeyboardManagerSwift
    - R.swift
    - R.swift.Library
    - RSFontSizes
    - RxCocoa
    - RxRelay
    - RxSwift
    - SDWebImage
    - SwiftLint

SPEC CHECKSUMS:
  Alamofire: f3b09a368f1582ab751b3fff5460276e0d2cf5c9
  Device: 62242076214c30fb5760174b3601cefafa70a481
  IQKeyboardManagerSwift: 977affaeb4d6e971975c7790a6850f31d38f1207
  R.swift: f5a87643b91ea569d23d6afb3eee9c743edde239
  R.swift.Library: cfe85d569d9bae6cb262922db130e7c3a7a5fad1
  RSFontSizes: cf14ae41c2807b66573f7064528ccff8c98251c9
  RxCocoa: 4baf94bb35f2c0ab31bc0cb9f1900155f646ba42
  RxRelay: e72dbfd157807478401ef1982e1c61c945c94b2f
  RxSwift: d356ab7bee873611322f134c5f9ef379fa183d8f
  SDWebImage: 4dc3e42d9ec0c1028b960a33ac6b637bb432207b
  SwiftLint: 99f82d07b837b942dd563c668de129a03fc3fb52

PODFILE CHECKSUM: 581efd3ad1fe71c74bf4ac2c089a5fa12a4e56a5

COCOAPODS: 1.11.2
