// !$*UTF8*$!
{
	archiveVersion = 1;
	classes = {
	};
	objectVersion = 51;
	objects = {

/* Begin PBXBuildFile section */
		4A72BD881B5EB3A9FF0E1D0C /* Pods_WeatherApp.framework in Frameworks */ = {isa = PBXBuildFile; fileRef = C7BFBC6060BC3F4D9D43D369 /* Pods_WeatherApp.framework */; };
		802FDB0CAE24FCA21E5D8EC7 /* Pods_WeatherAppTests.framework in Frameworks */ = {isa = PBXBuildFile; fileRef = 1ACEF03E8DB8D1544F8AB4D7 /* Pods_WeatherAppTests.framework */; };
		D946F03B272EA3940026EB55 /* WeatherService.swift in Sources */ = {isa = PBXBuildFile; fileRef = D9907135272D381F00BEAC74 /* WeatherService.swift */; };
		D946F03E272EA5450026EB55 /* APIConstant.swift in Sources */ = {isa = PBXBuildFile; fileRef = D9FA8943272D73B900A9536C /* APIConstant.swift */; };
		D946F03F272EA5470026EB55 /* CustomAppView.swift in Sources */ = {isa = PBXBuildFile; fileRef = D990713F272D454400BEAC74 /* CustomAppView.swift */; };
		D946F040272EA54A0026EB55 /* WeatherUtils.swift in Sources */ = {isa = PBXBuildFile; fileRef = D9FA8941272D737C00A9536C /* WeatherUtils.swift */; };
		D946F041272EA54E0026EB55 /* Weather.swift in Sources */ = {isa = PBXBuildFile; fileRef = D990713B272D3CB900BEAC74 /* Weather.swift */; };
		D946F042272EA5510026EB55 /* City.swift in Sources */ = {isa = PBXBuildFile; fileRef = D9FA892F272D516A00A9536C /* City.swift */; };
		D946F043272EA5530026EB55 /* Coord.swift in Sources */ = {isa = PBXBuildFile; fileRef = D9FA8931272D517900A9536C /* Coord.swift */; };
		D946F044272EA5550026EB55 /* Temp.swift in Sources */ = {isa = PBXBuildFile; fileRef = D9FA8933272D519700A9536C /* Temp.swift */; };
		D946F045272EA5570026EB55 /* DashboardPresenter.swift in Sources */ = {isa = PBXBuildFile; fileRef = D9907137272D3C1C00BEAC74 /* DashboardPresenter.swift */; };
		D946F046272EA55A0026EB55 /* DashboardViewController.swift in Sources */ = {isa = PBXBuildFile; fileRef = D9907139272D3C3800BEAC74 /* DashboardViewController.swift */; };
		D946F047272EA55D0026EB55 /* Main.storyboard in Resources */ = {isa = PBXBuildFile; fileRef = D9907107272C670200BEAC74 /* Main.storyboard */; };
		D946F048272EA5650026EB55 /* LaunchScreen.storyboard in Resources */ = {isa = PBXBuildFile; fileRef = D990710C272C670300BEAC74 /* LaunchScreen.storyboard */; };
		D946F04C272EA6FE0026EB55 /* WeatherTableViewCell.swift in Sources */ = {isa = PBXBuildFile; fileRef = D9FA892D272D4D6400A9536C /* WeatherTableViewCell.swift */; };
		D946F04D272EA7010026EB55 /* WeatherTableViewCell.xib in Resources */ = {isa = PBXBuildFile; fileRef = D9FA8937272D5AC100A9536C /* WeatherTableViewCell.xib */; };
		D9907102272C670200BEAC74 /* AppDelegate.swift in Sources */ = {isa = PBXBuildFile; fileRef = D9907101272C670200BEAC74 /* AppDelegate.swift */; };
		D9907104272C670200BEAC74 /* SceneDelegate.swift in Sources */ = {isa = PBXBuildFile; fileRef = D9907103272C670200BEAC74 /* SceneDelegate.swift */; };
		D9907109272C670200BEAC74 /* Main.storyboard in Resources */ = {isa = PBXBuildFile; fileRef = D9907107272C670200BEAC74 /* Main.storyboard */; };
		D990710B272C670300BEAC74 /* Assets.xcassets in Resources */ = {isa = PBXBuildFile; fileRef = D990710A272C670300BEAC74 /* Assets.xcassets */; };
		D990710E272C670300BEAC74 /* LaunchScreen.storyboard in Resources */ = {isa = PBXBuildFile; fileRef = D990710C272C670300BEAC74 /* LaunchScreen.storyboard */; };
		D9907124272C670300BEAC74 /* WeatherAppUITests.swift in Sources */ = {isa = PBXBuildFile; fileRef = D9907123272C670300BEAC74 /* WeatherAppUITests.swift */; };
		D9907136272D381F00BEAC74 /* WeatherService.swift in Sources */ = {isa = PBXBuildFile; fileRef = D9907135272D381F00BEAC74 /* WeatherService.swift */; };
		D9907138272D3C1C00BEAC74 /* DashboardPresenter.swift in Sources */ = {isa = PBXBuildFile; fileRef = D9907137272D3C1C00BEAC74 /* DashboardPresenter.swift */; };
		D990713A272D3C3800BEAC74 /* DashboardViewController.swift in Sources */ = {isa = PBXBuildFile; fileRef = D9907139272D3C3800BEAC74 /* DashboardViewController.swift */; };
		D990713C272D3CB900BEAC74 /* Weather.swift in Sources */ = {isa = PBXBuildFile; fileRef = D990713B272D3CB900BEAC74 /* Weather.swift */; };
		D9907140272D454400BEAC74 /* CustomAppView.swift in Sources */ = {isa = PBXBuildFile; fileRef = D990713F272D454400BEAC74 /* CustomAppView.swift */; };
		D9FA892E272D4D6400A9536C /* WeatherTableViewCell.swift in Sources */ = {isa = PBXBuildFile; fileRef = D9FA892D272D4D6400A9536C /* WeatherTableViewCell.swift */; };
		D9FA8930272D516A00A9536C /* City.swift in Sources */ = {isa = PBXBuildFile; fileRef = D9FA892F272D516A00A9536C /* City.swift */; };
		D9FA8932272D517900A9536C /* Coord.swift in Sources */ = {isa = PBXBuildFile; fileRef = D9FA8931272D517900A9536C /* Coord.swift */; };
		D9FA8934272D519700A9536C /* Temp.swift in Sources */ = {isa = PBXBuildFile; fileRef = D9FA8933272D519700A9536C /* Temp.swift */; };
		D9FA8938272D5AC100A9536C /* WeatherTableViewCell.xib in Resources */ = {isa = PBXBuildFile; fileRef = D9FA8937272D5AC100A9536C /* WeatherTableViewCell.xib */; };
		D9FA8942272D737C00A9536C /* WeatherUtils.swift in Sources */ = {isa = PBXBuildFile; fileRef = D9FA8941272D737C00A9536C /* WeatherUtils.swift */; };
		D9FA8944272D73B900A9536C /* APIConstant.swift in Sources */ = {isa = PBXBuildFile; fileRef = D9FA8943272D73B900A9536C /* APIConstant.swift */; };
		D9FA8947272E58EC00A9536C /* DashboardTests.swift in Sources */ = {isa = PBXBuildFile; fileRef = D9FA8946272E58EC00A9536C /* DashboardTests.swift */; };
		D9FA8959272E751E00A9536C /* MockURLProtocol.swift in Sources */ = {isa = PBXBuildFile; fileRef = D9FA8958272E751E00A9536C /* MockURLProtocol.swift */; };
		D9FA895B272E7C9B00A9536C /* MockingURLProtocol.swift in Sources */ = {isa = PBXBuildFile; fileRef = D9FA895A272E7C9B00A9536C /* MockingURLProtocol.swift */; };
		D9FA895D272E7D0E00A9536C /* Mocker.swift in Sources */ = {isa = PBXBuildFile; fileRef = D9FA895C272E7D0E00A9536C /* Mocker.swift */; };
		D9FA8960272E7D5600A9536C /* Mock.swift in Sources */ = {isa = PBXBuildFile; fileRef = D9FA895E272E7D5600A9536C /* Mock.swift */; };
		D9FA8961272E7D5600A9536C /* XCTest+Mocker.swift in Sources */ = {isa = PBXBuildFile; fileRef = D9FA895F272E7D5600A9536C /* XCTest+Mocker.swift */; };
		D9FA8965272E8BCB00A9536C /* DashboardPresenterMock.swift in Sources */ = {isa = PBXBuildFile; fileRef = D9FA8964272E8BCB00A9536C /* DashboardPresenterMock.swift */; };
		F8DF06F3CEBF64649F8DF2A4 /* Pods_WeatherAppUITests.framework in Frameworks */ = {isa = PBXBuildFile; fileRef = B37613D8CBCBFE8AB4508730 /* Pods_WeatherAppUITests.framework */; };
/* End PBXBuildFile section */

/* Begin PBXContainerItemProxy section */
		D9907115272C670300BEAC74 /* PBXContainerItemProxy */ = {
			isa = PBXContainerItemProxy;
			containerPortal = D99070F6272C670200BEAC74 /* Project object */;
			proxyType = 1;
			remoteGlobalIDString = D99070FD272C670200BEAC74;
			remoteInfo = WeatherApp;
		};
		D9907120272C670300BEAC74 /* PBXContainerItemProxy */ = {
			isa = PBXContainerItemProxy;
			containerPortal = D99070F6272C670200BEAC74 /* Project object */;
			proxyType = 1;
			remoteGlobalIDString = D99070FD272C670200BEAC74;
			remoteInfo = WeatherApp;
		};
/* End PBXContainerItemProxy section */

/* Begin PBXFileReference section */
		0FBDB8654EE965D3042696AB /* Pods-WeatherApp-WeatherAppUITests.release.xcconfig */ = {isa = PBXFileReference; includeInIndex = 1; lastKnownFileType = text.xcconfig; name = "Pods-WeatherApp-WeatherAppUITests.release.xcconfig"; path = "Target Support Files/Pods-WeatherApp-WeatherAppUITests/Pods-WeatherApp-WeatherAppUITests.release.xcconfig"; sourceTree = "<group>"; };
		106BD72696E8550B1822FFF2 /* Pods-WeatherApp-WeatherAppTests.release.xcconfig */ = {isa = PBXFileReference; includeInIndex = 1; lastKnownFileType = text.xcconfig; name = "Pods-WeatherApp-WeatherAppTests.release.xcconfig"; path = "Target Support Files/Pods-WeatherApp-WeatherAppTests/Pods-WeatherApp-WeatherAppTests.release.xcconfig"; sourceTree = "<group>"; };
		1ACEF03E8DB8D1544F8AB4D7 /* Pods_WeatherAppTests.framework */ = {isa = PBXFileReference; explicitFileType = wrapper.framework; includeInIndex = 0; path = Pods_WeatherAppTests.framework; sourceTree = BUILT_PRODUCTS_DIR; };
		1DC3F57135661E33D29288B1 /* Pods-WeatherAppTests.debug.xcconfig */ = {isa = PBXFileReference; includeInIndex = 1; lastKnownFileType = text.xcconfig; name = "Pods-WeatherAppTests.debug.xcconfig"; path = "Target Support Files/Pods-WeatherAppTests/Pods-WeatherAppTests.debug.xcconfig"; sourceTree = "<group>"; };
		60432DFFE9E703687FF5744B /* Pods-WeatherAppTests.release.xcconfig */ = {isa = PBXFileReference; includeInIndex = 1; lastKnownFileType = text.xcconfig; name = "Pods-WeatherAppTests.release.xcconfig"; path = "Target Support Files/Pods-WeatherAppTests/Pods-WeatherAppTests.release.xcconfig"; sourceTree = "<group>"; };
		7248D4B1EDFA9838AE462B42 /* Pods-WeatherAppUITests.debug.xcconfig */ = {isa = PBXFileReference; includeInIndex = 1; lastKnownFileType = text.xcconfig; name = "Pods-WeatherAppUITests.debug.xcconfig"; path = "Target Support Files/Pods-WeatherAppUITests/Pods-WeatherAppUITests.debug.xcconfig"; sourceTree = "<group>"; };
		B2AC7325F8C0D1B17D4C8880 /* Pods-WeatherApp.debug.xcconfig */ = {isa = PBXFileReference; includeInIndex = 1; lastKnownFileType = text.xcconfig; name = "Pods-WeatherApp.debug.xcconfig"; path = "Target Support Files/Pods-WeatherApp/Pods-WeatherApp.debug.xcconfig"; sourceTree = "<group>"; };
		B37613D8CBCBFE8AB4508730 /* Pods_WeatherAppUITests.framework */ = {isa = PBXFileReference; explicitFileType = wrapper.framework; includeInIndex = 0; path = Pods_WeatherAppUITests.framework; sourceTree = BUILT_PRODUCTS_DIR; };
		B883E9513EDEFB01F3A21AD6 /* Pods-WeatherAppUITests.release.xcconfig */ = {isa = PBXFileReference; includeInIndex = 1; lastKnownFileType = text.xcconfig; name = "Pods-WeatherAppUITests.release.xcconfig"; path = "Target Support Files/Pods-WeatherAppUITests/Pods-WeatherAppUITests.release.xcconfig"; sourceTree = "<group>"; };
		C7BFBC6060BC3F4D9D43D369 /* Pods_WeatherApp.framework */ = {isa = PBXFileReference; explicitFileType = wrapper.framework; includeInIndex = 0; path = Pods_WeatherApp.framework; sourceTree = BUILT_PRODUCTS_DIR; };
		D68D27ECD418C5E33B819D33 /* Pods-WeatherApp-WeatherAppUITests.debug.xcconfig */ = {isa = PBXFileReference; includeInIndex = 1; lastKnownFileType = text.xcconfig; name = "Pods-WeatherApp-WeatherAppUITests.debug.xcconfig"; path = "Target Support Files/Pods-WeatherApp-WeatherAppUITests/Pods-WeatherApp-WeatherAppUITests.debug.xcconfig"; sourceTree = "<group>"; };
		D99070FE272C670200BEAC74 /* WeatherApp.app */ = {isa = PBXFileReference; explicitFileType = wrapper.application; includeInIndex = 0; path = WeatherApp.app; sourceTree = BUILT_PRODUCTS_DIR; };
		D9907101272C670200BEAC74 /* AppDelegate.swift */ = {isa = PBXFileReference; lastKnownFileType = sourcecode.swift; path = AppDelegate.swift; sourceTree = "<group>"; };
		D9907103272C670200BEAC74 /* SceneDelegate.swift */ = {isa = PBXFileReference; lastKnownFileType = sourcecode.swift; path = SceneDelegate.swift; sourceTree = "<group>"; };
		D9907108272C670200BEAC74 /* Base */ = {isa = PBXFileReference; lastKnownFileType = file.storyboard; name = Base; path = Base.lproj/Main.storyboard; sourceTree = "<group>"; };
		D990710A272C670300BEAC74 /* Assets.xcassets */ = {isa = PBXFileReference; lastKnownFileType = folder.assetcatalog; path = Assets.xcassets; sourceTree = "<group>"; };
		D990710D272C670300BEAC74 /* Base */ = {isa = PBXFileReference; lastKnownFileType = file.storyboard; name = Base; path = Base.lproj/LaunchScreen.storyboard; sourceTree = "<group>"; };
		D990710F272C670300BEAC74 /* Info.plist */ = {isa = PBXFileReference; lastKnownFileType = text.plist.xml; path = Info.plist; sourceTree = "<group>"; };
		D9907114272C670300BEAC74 /* WeatherAppTests.xctest */ = {isa = PBXFileReference; explicitFileType = wrapper.cfbundle; includeInIndex = 0; path = WeatherAppTests.xctest; sourceTree = BUILT_PRODUCTS_DIR; };
		D990711A272C670300BEAC74 /* Info.plist */ = {isa = PBXFileReference; lastKnownFileType = text.plist.xml; path = Info.plist; sourceTree = "<group>"; };
		D990711F272C670300BEAC74 /* WeatherAppUITests.xctest */ = {isa = PBXFileReference; explicitFileType = wrapper.cfbundle; includeInIndex = 0; path = WeatherAppUITests.xctest; sourceTree = BUILT_PRODUCTS_DIR; };
		D9907123272C670300BEAC74 /* WeatherAppUITests.swift */ = {isa = PBXFileReference; lastKnownFileType = sourcecode.swift; path = WeatherAppUITests.swift; sourceTree = "<group>"; };
		D9907125272C670300BEAC74 /* Info.plist */ = {isa = PBXFileReference; lastKnownFileType = text.plist.xml; path = Info.plist; sourceTree = "<group>"; };
		D9907135272D381F00BEAC74 /* WeatherService.swift */ = {isa = PBXFileReference; lastKnownFileType = sourcecode.swift; path = WeatherService.swift; sourceTree = "<group>"; };
		D9907137272D3C1C00BEAC74 /* DashboardPresenter.swift */ = {isa = PBXFileReference; lastKnownFileType = sourcecode.swift; path = DashboardPresenter.swift; sourceTree = "<group>"; };
		D9907139272D3C3800BEAC74 /* DashboardViewController.swift */ = {isa = PBXFileReference; lastKnownFileType = sourcecode.swift; path = DashboardViewController.swift; sourceTree = "<group>"; };
		D990713B272D3CB900BEAC74 /* Weather.swift */ = {isa = PBXFileReference; lastKnownFileType = sourcecode.swift; path = Weather.swift; sourceTree = "<group>"; };
		D990713F272D454400BEAC74 /* CustomAppView.swift */ = {isa = PBXFileReference; lastKnownFileType = sourcecode.swift; path = CustomAppView.swift; sourceTree = "<group>"; };
		D9FA892D272D4D6400A9536C /* WeatherTableViewCell.swift */ = {isa = PBXFileReference; lastKnownFileType = sourcecode.swift; path = WeatherTableViewCell.swift; sourceTree = "<group>"; };
		D9FA892F272D516A00A9536C /* City.swift */ = {isa = PBXFileReference; lastKnownFileType = sourcecode.swift; path = City.swift; sourceTree = "<group>"; };
		D9FA8931272D517900A9536C /* Coord.swift */ = {isa = PBXFileReference; lastKnownFileType = sourcecode.swift; path = Coord.swift; sourceTree = "<group>"; };
		D9FA8933272D519700A9536C /* Temp.swift */ = {isa = PBXFileReference; lastKnownFileType = sourcecode.swift; path = Temp.swift; sourceTree = "<group>"; };
		D9FA8937272D5AC100A9536C /* WeatherTableViewCell.xib */ = {isa = PBXFileReference; lastKnownFileType = file.xib; path = WeatherTableViewCell.xib; sourceTree = "<group>"; };
		D9FA8941272D737C00A9536C /* WeatherUtils.swift */ = {isa = PBXFileReference; lastKnownFileType = sourcecode.swift; path = WeatherUtils.swift; sourceTree = "<group>"; };
		D9FA8943272D73B900A9536C /* APIConstant.swift */ = {isa = PBXFileReference; lastKnownFileType = sourcecode.swift; path = APIConstant.swift; sourceTree = "<group>"; };
		D9FA8946272E58EC00A9536C /* DashboardTests.swift */ = {isa = PBXFileReference; lastKnownFileType = sourcecode.swift; path = DashboardTests.swift; sourceTree = "<group>"; };
		D9FA8958272E751E00A9536C /* MockURLProtocol.swift */ = {isa = PBXFileReference; fileEncoding = 4; lastKnownFileType = sourcecode.swift; path = MockURLProtocol.swift; sourceTree = "<group>"; };
		D9FA895A272E7C9B00A9536C /* MockingURLProtocol.swift */ = {isa = PBXFileReference; fileEncoding = 4; lastKnownFileType = sourcecode.swift; path = MockingURLProtocol.swift; sourceTree = "<group>"; };
		D9FA895C272E7D0E00A9536C /* Mocker.swift */ = {isa = PBXFileReference; fileEncoding = 4; lastKnownFileType = sourcecode.swift; path = Mocker.swift; sourceTree = "<group>"; };
		D9FA895E272E7D5600A9536C /* Mock.swift */ = {isa = PBXFileReference; fileEncoding = 4; lastKnownFileType = sourcecode.swift; path = Mock.swift; sourceTree = "<group>"; };
		D9FA895F272E7D5600A9536C /* XCTest+Mocker.swift */ = {isa = PBXFileReference; fileEncoding = 4; lastKnownFileType = sourcecode.swift; path = "XCTest+Mocker.swift"; sourceTree = "<group>"; };
		D9FA8964272E8BCB00A9536C /* DashboardPresenterMock.swift */ = {isa = PBXFileReference; lastKnownFileType = sourcecode.swift; path = DashboardPresenterMock.swift; sourceTree = "<group>"; };
		E4703E68BCA4546F67EAE6F7 /* Pods-WeatherApp.release.xcconfig */ = {isa = PBXFileReference; includeInIndex = 1; lastKnownFileType = text.xcconfig; name = "Pods-WeatherApp.release.xcconfig"; path = "Target Support Files/Pods-WeatherApp/Pods-WeatherApp.release.xcconfig"; sourceTree = "<group>"; };
		F5E2B5A40801715DD1C7E12B /* Pods-WeatherApp-WeatherAppTests.debug.xcconfig */ = {isa = PBXFileReference; includeInIndex = 1; lastKnownFileType = text.xcconfig; name = "Pods-WeatherApp-WeatherAppTests.debug.xcconfig"; path = "Target Support Files/Pods-WeatherApp-WeatherAppTests/Pods-WeatherApp-WeatherAppTests.debug.xcconfig"; sourceTree = "<group>"; };
/* End PBXFileReference section */

/* Begin PBXFrameworksBuildPhase section */
		D99070FB272C670200BEAC74 /* Frameworks */ = {
			isa = PBXFrameworksBuildPhase;
			buildActionMask = 2147483647;
			files = (
				4A72BD881B5EB3A9FF0E1D0C /* Pods_WeatherApp.framework in Frameworks */,
			);
			runOnlyForDeploymentPostprocessing = 0;
		};
		D9907111272C670300BEAC74 /* Frameworks */ = {
			isa = PBXFrameworksBuildPhase;
			buildActionMask = 2147483647;
			files = (
				802FDB0CAE24FCA21E5D8EC7 /* Pods_WeatherAppTests.framework in Frameworks */,
			);
			runOnlyForDeploymentPostprocessing = 0;
		};
		D990711C272C670300BEAC74 /* Frameworks */ = {
			isa = PBXFrameworksBuildPhase;
			buildActionMask = 2147483647;
			files = (
				F8DF06F3CEBF64649F8DF2A4 /* Pods_WeatherAppUITests.framework in Frameworks */,
			);
			runOnlyForDeploymentPostprocessing = 0;
		};
/* End PBXFrameworksBuildPhase section */

/* Begin PBXGroup section */
		9858276B5099A3AC84E16190 /* Frameworks */ = {
			isa = PBXGroup;
			children = (
				C7BFBC6060BC3F4D9D43D369 /* Pods_WeatherApp.framework */,
				1ACEF03E8DB8D1544F8AB4D7 /* Pods_WeatherAppTests.framework */,
				B37613D8CBCBFE8AB4508730 /* Pods_WeatherAppUITests.framework */,
			);
			name = Frameworks;
			sourceTree = "<group>";
		};
		D99070F5272C670200BEAC74 = {
			isa = PBXGroup;
			children = (
				D9907100272C670200BEAC74 /* WeatherApp */,
				D9907117272C670300BEAC74 /* WeatherAppTests */,
				D9907122272C670300BEAC74 /* WeatherAppUITests */,
				D99070FF272C670200BEAC74 /* Products */,
				F614BD4BE2CD07D17AFF6383 /* Pods */,
				9858276B5099A3AC84E16190 /* Frameworks */,
			);
			sourceTree = "<group>";
		};
		D99070FF272C670200BEAC74 /* Products */ = {
			isa = PBXGroup;
			children = (
				D99070FE272C670200BEAC74 /* WeatherApp.app */,
				D9907114272C670300BEAC74 /* WeatherAppTests.xctest */,
				D990711F272C670300BEAC74 /* WeatherAppUITests.xctest */,
			);
			name = Products;
			sourceTree = "<group>";
		};
		D9907100272C670200BEAC74 /* WeatherApp */ = {
			isa = PBXGroup;
			children = (
				D9FA8945272D73F400A9536C /* Helpers */,
				D990713E272D450400BEAC74 /* Utilities */,
				D9907134272D37FA00BEAC74 /* DataSource */,
				D9907131272D37FA00BEAC74 /* Models */,
				D9907133272D37FA00BEAC74 /* Presenters */,
				D9907132272D37FA00BEAC74 /* Views */,
				D9907103272C670200BEAC74 /* SceneDelegate.swift */,
				D9907101272C670200BEAC74 /* AppDelegate.swift */,
				D990710A272C670300BEAC74 /* Assets.xcassets */,
				D990710F272C670300BEAC74 /* Info.plist */,
			);
			path = WeatherApp;
			sourceTree = "<group>";
		};
		D9907117272C670300BEAC74 /* WeatherAppTests */ = {
			isa = PBXGroup;
			children = (
				D9FA8963272E7D7E00A9536C /* Tests */,
				D9FA8962272E7D6A00A9536C /* Mocks */,
				D990711A272C670300BEAC74 /* Info.plist */,
			);
			path = WeatherAppTests;
			sourceTree = "<group>";
		};
		D9907122272C670300BEAC74 /* WeatherAppUITests */ = {
			isa = PBXGroup;
			children = (
				D9907123272C670300BEAC74 /* WeatherAppUITests.swift */,
				D9907125272C670300BEAC74 /* Info.plist */,
			);
			path = WeatherAppUITests;
			sourceTree = "<group>";
		};
		D9907131272D37FA00BEAC74 /* Models */ = {
			isa = PBXGroup;
			children = (
				D990713B272D3CB900BEAC74 /* Weather.swift */,
				D9FA892F272D516A00A9536C /* City.swift */,
				D9FA8931272D517900A9536C /* Coord.swift */,
				D9FA8933272D519700A9536C /* Temp.swift */,
			);
			path = Models;
			sourceTree = "<group>";
		};
		D9907132272D37FA00BEAC74 /* Views */ = {
			isa = PBXGroup;
			children = (
				D9FA893D272D6EB600A9536C /* ViewController */,
				D9FA893C272D6E8900A9536C /* Designs */,
				D9FA892C272D4D3600A9536C /* TableViewCell */,
			);
			path = Views;
			sourceTree = "<group>";
		};
		D9907133272D37FA00BEAC74 /* Presenters */ = {
			isa = PBXGroup;
			children = (
				D9907137272D3C1C00BEAC74 /* DashboardPresenter.swift */,
			);
			path = Presenters;
			sourceTree = "<group>";
		};
		D9907134272D37FA00BEAC74 /* DataSource */ = {
			isa = PBXGroup;
			children = (
				D9907135272D381F00BEAC74 /* WeatherService.swift */,
			);
			path = DataSource;
			sourceTree = "<group>";
		};
		D990713E272D450400BEAC74 /* Utilities */ = {
			isa = PBXGroup;
			children = (
				D990713F272D454400BEAC74 /* CustomAppView.swift */,
				D9FA8941272D737C00A9536C /* WeatherUtils.swift */,
			);
			path = Utilities;
			sourceTree = "<group>";
		};
		D9FA892C272D4D3600A9536C /* TableViewCell */ = {
			isa = PBXGroup;
			children = (
				D9FA892D272D4D6400A9536C /* WeatherTableViewCell.swift */,
				D9FA8937272D5AC100A9536C /* WeatherTableViewCell.xib */,
			);
			path = TableViewCell;
			sourceTree = "<group>";
		};
		D9FA893C272D6E8900A9536C /* Designs */ = {
			isa = PBXGroup;
			children = (
				D9907107272C670200BEAC74 /* Main.storyboard */,
				D990710C272C670300BEAC74 /* LaunchScreen.storyboard */,
			);
			path = Designs;
			sourceTree = "<group>";
		};
		D9FA893D272D6EB600A9536C /* ViewController */ = {
			isa = PBXGroup;
			children = (
				D9907139272D3C3800BEAC74 /* DashboardViewController.swift */,
			);
			path = ViewController;
			sourceTree = "<group>";
		};
		D9FA8945272D73F400A9536C /* Helpers */ = {
			isa = PBXGroup;
			children = (
				D9FA8943272D73B900A9536C /* APIConstant.swift */,
			);
			path = Helpers;
			sourceTree = "<group>";
		};
		D9FA8962272E7D6A00A9536C /* Mocks */ = {
			isa = PBXGroup;
			children = (
				D9FA895E272E7D5600A9536C /* Mock.swift */,
				D9FA895F272E7D5600A9536C /* XCTest+Mocker.swift */,
				D9FA895C272E7D0E00A9536C /* Mocker.swift */,
				D9FA895A272E7C9B00A9536C /* MockingURLProtocol.swift */,
				D9FA8958272E751E00A9536C /* MockURLProtocol.swift */,
				D9FA8964272E8BCB00A9536C /* DashboardPresenterMock.swift */,
			);
			path = Mocks;
			sourceTree = "<group>";
		};
		D9FA8963272E7D7E00A9536C /* Tests */ = {
			isa = PBXGroup;
			children = (
				D9FA8946272E58EC00A9536C /* DashboardTests.swift */,
			);
			path = Tests;
			sourceTree = "<group>";
		};
		F614BD4BE2CD07D17AFF6383 /* Pods */ = {
			isa = PBXGroup;
			children = (
				B2AC7325F8C0D1B17D4C8880 /* Pods-WeatherApp.debug.xcconfig */,
				E4703E68BCA4546F67EAE6F7 /* Pods-WeatherApp.release.xcconfig */,
				D68D27ECD418C5E33B819D33 /* Pods-WeatherApp-WeatherAppUITests.debug.xcconfig */,
				0FBDB8654EE965D3042696AB /* Pods-WeatherApp-WeatherAppUITests.release.xcconfig */,
				1DC3F57135661E33D29288B1 /* Pods-WeatherAppTests.debug.xcconfig */,
				60432DFFE9E703687FF5744B /* Pods-WeatherAppTests.release.xcconfig */,
				7248D4B1EDFA9838AE462B42 /* Pods-WeatherAppUITests.debug.xcconfig */,
				B883E9513EDEFB01F3A21AD6 /* Pods-WeatherAppUITests.release.xcconfig */,
				F5E2B5A40801715DD1C7E12B /* Pods-WeatherApp-WeatherAppTests.debug.xcconfig */,
				106BD72696E8550B1822FFF2 /* Pods-WeatherApp-WeatherAppTests.release.xcconfig */,
			);
			path = Pods;
			sourceTree = "<group>";
		};
/* End PBXGroup section */

/* Begin PBXNativeTarget section */
		D99070FD272C670200BEAC74 /* WeatherApp */ = {
			isa = PBXNativeTarget;
			buildConfigurationList = D9907128272C670300BEAC74 /* Build configuration list for PBXNativeTarget "WeatherApp" */;
			buildPhases = (
				7C0B4EC034DF30D04BD0981F /* [CP] Check Pods Manifest.lock */,
				D99070FA272C670200BEAC74 /* Sources */,
				D99070FB272C670200BEAC74 /* Frameworks */,
				D99070FC272C670200BEAC74 /* Resources */,
				B9F69C34F4B575B1144EB84A /* [CP] Embed Pods Frameworks */,
			);
			buildRules = (
			);
			dependencies = (
			);
			name = WeatherApp;
			productName = WeatherApp;
			productReference = D99070FE272C670200BEAC74 /* WeatherApp.app */;
			productType = "com.apple.product-type.application";
		};
		D9907113272C670300BEAC74 /* WeatherAppTests */ = {
			isa = PBXNativeTarget;
			buildConfigurationList = D990712B272C670300BEAC74 /* Build configuration list for PBXNativeTarget "WeatherAppTests" */;
			buildPhases = (
				B016AAFEB5F533220D1743F3 /* [CP] Check Pods Manifest.lock */,
				D9907110272C670300BEAC74 /* Sources */,
				D9907111272C670300BEAC74 /* Frameworks */,
				D9907112272C670300BEAC74 /* Resources */,
				ADFB50989F1C3C781E7CB078 /* [CP] Embed Pods Frameworks */,
			);
			buildRules = (
			);
			dependencies = (
				D9907116272C670300BEAC74 /* PBXTargetDependency */,
			);
			name = WeatherAppTests;
			productName = WeatherAppTests;
			productReference = D9907114272C670300BEAC74 /* WeatherAppTests.xctest */;
			productType = "com.apple.product-type.bundle.unit-test";
		};
		D990711E272C670300BEAC74 /* WeatherAppUITests */ = {
			isa = PBXNativeTarget;
			buildConfigurationList = D990712E272C670300BEAC74 /* Build configuration list for PBXNativeTarget "WeatherAppUITests" */;
			buildPhases = (
				BD01EA161C379A2355AD578B /* [CP] Check Pods Manifest.lock */,
				D990711B272C670300BEAC74 /* Sources */,
				D990711C272C670300BEAC74 /* Frameworks */,
				D990711D272C670300BEAC74 /* Resources */,
				FE9ED51A67FE45C04417A319 /* [CP] Embed Pods Frameworks */,
			);
			buildRules = (
			);
			dependencies = (
				D9907121272C670300BEAC74 /* PBXTargetDependency */,
			);
			name = WeatherAppUITests;
			productName = WeatherAppUITests;
			productReference = D990711F272C670300BEAC74 /* WeatherAppUITests.xctest */;
			productType = "com.apple.product-type.bundle.ui-testing";
		};
/* End PBXNativeTarget section */

/* Begin PBXProject section */
		D99070F6272C670200BEAC74 /* Project object */ = {
			isa = PBXProject;
			attributes = {
				LastSwiftUpdateCheck = 1250;
				LastUpgradeCheck = 1250;
				TargetAttributes = {
					D99070FD272C670200BEAC74 = {
						CreatedOnToolsVersion = 12.5.1;
					};
					D9907113272C670300BEAC74 = {
						CreatedOnToolsVersion = 12.5.1;
						TestTargetID = D99070FD272C670200BEAC74;
					};
					D990711E272C670300BEAC74 = {
						CreatedOnToolsVersion = 12.5.1;
						TestTargetID = D99070FD272C670200BEAC74;
					};
				};
			};
			buildConfigurationList = D99070F9272C670200BEAC74 /* Build configuration list for PBXProject "WeatherApp" */;
			compatibilityVersion = "Xcode 9.3";
			developmentRegion = en;
			hasScannedForEncodings = 0;
			knownRegions = (
				en,
				Base,
			);
			mainGroup = D99070F5272C670200BEAC74;
			productRefGroup = D99070FF272C670200BEAC74 /* Products */;
			projectDirPath = "";
			projectRoot = "";
			targets = (
				D99070FD272C670200BEAC74 /* WeatherApp */,
				D9907113272C670300BEAC74 /* WeatherAppTests */,
				D990711E272C670300BEAC74 /* WeatherAppUITests */,
			);
		};
/* End PBXProject section */

/* Begin PBXResourcesBuildPhase section */
		D99070FC272C670200BEAC74 /* Resources */ = {
			isa = PBXResourcesBuildPhase;
			buildActionMask = 2147483647;
			files = (
				D9FA8938272D5AC100A9536C /* WeatherTableViewCell.xib in Resources */,
				D990710E272C670300BEAC74 /* LaunchScreen.storyboard in Resources */,
				D990710B272C670300BEAC74 /* Assets.xcassets in Resources */,
				D9907109272C670200BEAC74 /* Main.storyboard in Resources */,
			);
			runOnlyForDeploymentPostprocessing = 0;
		};
		D9907112272C670300BEAC74 /* Resources */ = {
			isa = PBXResourcesBuildPhase;
			buildActionMask = 2147483647;
			files = (
				D946F047272EA55D0026EB55 /* Main.storyboard in Resources */,
				D946F04D272EA7010026EB55 /* WeatherTableViewCell.xib in Resources */,
				D946F048272EA5650026EB55 /* LaunchScreen.storyboard in Resources */,
			);
			runOnlyForDeploymentPostprocessing = 0;
		};
		D990711D272C670300BEAC74 /* Resources */ = {
			isa = PBXResourcesBuildPhase;
			buildActionMask = 2147483647;
			files = (
			);
			runOnlyForDeploymentPostprocessing = 0;
		};
/* End PBXResourcesBuildPhase section */

/* Begin PBXShellScriptBuildPhase section */
		7C0B4EC034DF30D04BD0981F /* [CP] Check Pods Manifest.lock */ = {
			isa = PBXShellScriptBuildPhase;
			buildActionMask = 2147483647;
			files = (
			);
			inputFileListPaths = (
			);
			inputPaths = (
				"${PODS_PODFILE_DIR_PATH}/Podfile.lock",
				"${PODS_ROOT}/Manifest.lock",
			);
			name = "[CP] Check Pods Manifest.lock";
			outputFileListPaths = (
			);
			outputPaths = (
				"$(DERIVED_FILE_DIR)/Pods-WeatherApp-checkManifestLockResult.txt",
			);
			runOnlyForDeploymentPostprocessing = 0;
			shellPath = /bin/sh;
			shellScript = "diff \"${PODS_PODFILE_DIR_PATH}/Podfile.lock\" \"${PODS_ROOT}/Manifest.lock\" > /dev/null\nif [ $? != 0 ] ; then\n    # print error to STDERR\n    echo \"error: The sandbox is not in sync with the Podfile.lock. Run 'pod install' or update your CocoaPods installation.\" >&2\n    exit 1\nfi\n# This output is used by Xcode 'outputs' to avoid re-running this script phase.\necho \"SUCCESS\" > \"${SCRIPT_OUTPUT_FILE_0}\"\n";
			showEnvVarsInLog = 0;
		};
		ADFB50989F1C3C781E7CB078 /* [CP] Embed Pods Frameworks */ = {
			isa = PBXShellScriptBuildPhase;
			buildActionMask = 2147483647;
			files = (
			);
			inputFileListPaths = (
				"${PODS_ROOT}/Target Support Files/Pods-WeatherAppTests/Pods-WeatherAppTests-frameworks-${CONFIGURATION}-input-files.xcfilelist",
			);
			name = "[CP] Embed Pods Frameworks";
			outputFileListPaths = (
				"${PODS_ROOT}/Target Support Files/Pods-WeatherAppTests/Pods-WeatherAppTests-frameworks-${CONFIGURATION}-output-files.xcfilelist",
			);
			runOnlyForDeploymentPostprocessing = 0;
			shellPath = /bin/sh;
			shellScript = "\"${PODS_ROOT}/Target Support Files/Pods-WeatherAppTests/Pods-WeatherAppTests-frameworks.sh\"\n";
			showEnvVarsInLog = 0;
		};
		B016AAFEB5F533220D1743F3 /* [CP] Check Pods Manifest.lock */ = {
			isa = PBXShellScriptBuildPhase;
			buildActionMask = 2147483647;
			files = (
			);
			inputFileListPaths = (
			);
			inputPaths = (
				"${PODS_PODFILE_DIR_PATH}/Podfile.lock",
				"${PODS_ROOT}/Manifest.lock",
			);
			name = "[CP] Check Pods Manifest.lock";
			outputFileListPaths = (
			);
			outputPaths = (
				"$(DERIVED_FILE_DIR)/Pods-WeatherAppTests-checkManifestLockResult.txt",
			);
			runOnlyForDeploymentPostprocessing = 0;
			shellPath = /bin/sh;
			shellScript = "diff \"${PODS_PODFILE_DIR_PATH}/Podfile.lock\" \"${PODS_ROOT}/Manifest.lock\" > /dev/null\nif [ $? != 0 ] ; then\n    # print error to STDERR\n    echo \"error: The sandbox is not in sync with the Podfile.lock. Run 'pod install' or update your CocoaPods installation.\" >&2\n    exit 1\nfi\n# This output is used by Xcode 'outputs' to avoid re-running this script phase.\necho \"SUCCESS\" > \"${SCRIPT_OUTPUT_FILE_0}\"\n";
			showEnvVarsInLog = 0;
		};
		B9F69C34F4B575B1144EB84A /* [CP] Embed Pods Frameworks */ = {
			isa = PBXShellScriptBuildPhase;
			buildActionMask = 2147483647;
			files = (
			);
			inputFileListPaths = (
				"${PODS_ROOT}/Target Support Files/Pods-WeatherApp/Pods-WeatherApp-frameworks-${CONFIGURATION}-input-files.xcfilelist",
			);
			name = "[CP] Embed Pods Frameworks";
			outputFileListPaths = (
				"${PODS_ROOT}/Target Support Files/Pods-WeatherApp/Pods-WeatherApp-frameworks-${CONFIGURATION}-output-files.xcfilelist",
			);
			runOnlyForDeploymentPostprocessing = 0;
			shellPath = /bin/sh;
			shellScript = "\"${PODS_ROOT}/Target Support Files/Pods-WeatherApp/Pods-WeatherApp-frameworks.sh\"\n";
			showEnvVarsInLog = 0;
		};
		BD01EA161C379A2355AD578B /* [CP] Check Pods Manifest.lock */ = {
			isa = PBXShellScriptBuildPhase;
			buildActionMask = 2147483647;
			files = (
			);
			inputFileListPaths = (
			);
			inputPaths = (
				"${PODS_PODFILE_DIR_PATH}/Podfile.lock",
				"${PODS_ROOT}/Manifest.lock",
			);
			name = "[CP] Check Pods Manifest.lock";
			outputFileListPaths = (
			);
			outputPaths = (
				"$(DERIVED_FILE_DIR)/Pods-WeatherAppUITests-checkManifestLockResult.txt",
			);
			runOnlyForDeploymentPostprocessing = 0;
			shellPath = /bin/sh;
			shellScript = "diff \"${PODS_PODFILE_DIR_PATH}/Podfile.lock\" \"${PODS_ROOT}/Manifest.lock\" > /dev/null\nif [ $? != 0 ] ; then\n    # print error to STDERR\n    echo \"error: The sandbox is not in sync with the Podfile.lock. Run 'pod install' or update your CocoaPods installation.\" >&2\n    exit 1\nfi\n# This output is used by Xcode 'outputs' to avoid re-running this script phase.\necho \"SUCCESS\" > \"${SCRIPT_OUTPUT_FILE_0}\"\n";
			showEnvVarsInLog = 0;
		};
		FE9ED51A67FE45C04417A319 /* [CP] Embed Pods Frameworks */ = {
			isa = PBXShellScriptBuildPhase;
			buildActionMask = 2147483647;
			files = (
			);
			inputFileListPaths = (
				"${PODS_ROOT}/Target Support Files/Pods-WeatherAppUITests/Pods-WeatherAppUITests-frameworks-${CONFIGURATION}-input-files.xcfilelist",
			);
			name = "[CP] Embed Pods Frameworks";
			outputFileListPaths = (
				"${PODS_ROOT}/Target Support Files/Pods-WeatherAppUITests/Pods-WeatherAppUITests-frameworks-${CONFIGURATION}-output-files.xcfilelist",
			);
			runOnlyForDeploymentPostprocessing = 0;
			shellPath = /bin/sh;
			shellScript = "\"${PODS_ROOT}/Target Support Files/Pods-WeatherAppUITests/Pods-WeatherAppUITests-frameworks.sh\"\n";
			showEnvVarsInLog = 0;
		};
/* End PBXShellScriptBuildPhase section */

/* Begin PBXSourcesBuildPhase section */
		D99070FA272C670200BEAC74 /* Sources */ = {
			isa = PBXSourcesBuildPhase;
			buildActionMask = 2147483647;
			files = (
				D9FA892E272D4D6400A9536C /* WeatherTableViewCell.swift in Sources */,
				D9FA8932272D517900A9536C /* Coord.swift in Sources */,
				D9FA8942272D737C00A9536C /* WeatherUtils.swift in Sources */,
				D9907136272D381F00BEAC74 /* WeatherService.swift in Sources */,
				D9FA8930272D516A00A9536C /* City.swift in Sources */,
				D9FA8944272D73B900A9536C /* APIConstant.swift in Sources */,
				D9907140272D454400BEAC74 /* CustomAppView.swift in Sources */,
				D990713A272D3C3800BEAC74 /* DashboardViewController.swift in Sources */,
				D9907138272D3C1C00BEAC74 /* DashboardPresenter.swift in Sources */,
				D9907102272C670200BEAC74 /* AppDelegate.swift in Sources */,
				D9907104272C670200BEAC74 /* SceneDelegate.swift in Sources */,
				D990713C272D3CB900BEAC74 /* Weather.swift in Sources */,
				D9FA8934272D519700A9536C /* Temp.swift in Sources */,
			);
			runOnlyForDeploymentPostprocessing = 0;
		};
		D9907110272C670300BEAC74 /* Sources */ = {
			isa = PBXSourcesBuildPhase;
			buildActionMask = 2147483647;
			files = (
				D9FA8947272E58EC00A9536C /* DashboardTests.swift in Sources */,
				D946F03B272EA3940026EB55 /* WeatherService.swift in Sources */,
				D946F044272EA5550026EB55 /* Temp.swift in Sources */,
				D946F045272EA5570026EB55 /* DashboardPresenter.swift in Sources */,
				D946F03E272EA5450026EB55 /* APIConstant.swift in Sources */,
				D946F040272EA54A0026EB55 /* WeatherUtils.swift in Sources */,
				D946F04C272EA6FE0026EB55 /* WeatherTableViewCell.swift in Sources */,
				D946F041272EA54E0026EB55 /* Weather.swift in Sources */,
				D9FA8961272E7D5600A9536C /* XCTest+Mocker.swift in Sources */,
				D9FA8959272E751E00A9536C /* MockURLProtocol.swift in Sources */,
				D946F043272EA5530026EB55 /* Coord.swift in Sources */,
				D9FA895B272E7C9B00A9536C /* MockingURLProtocol.swift in Sources */,
				D9FA895D272E7D0E00A9536C /* Mocker.swift in Sources */,
				D946F03F272EA5470026EB55 /* CustomAppView.swift in Sources */,
				D9FA8965272E8BCB00A9536C /* DashboardPresenterMock.swift in Sources */,
				D946F042272EA5510026EB55 /* City.swift in Sources */,
				D9FA8960272E7D5600A9536C /* Mock.swift in Sources */,
				D946F046272EA55A0026EB55 /* DashboardViewController.swift in Sources */,
			);
			runOnlyForDeploymentPostprocessing = 0;
		};
		D990711B272C670300BEAC74 /* Sources */ = {
			isa = PBXSourcesBuildPhase;
			buildActionMask = 2147483647;
			files = (
				D9907124272C670300BEAC74 /* WeatherAppUITests.swift in Sources */,
			);
			runOnlyForDeploymentPostprocessing = 0;
		};
/* End PBXSourcesBuildPhase section */

/* Begin PBXTargetDependency section */
		D9907116272C670300BEAC74 /* PBXTargetDependency */ = {
			isa = PBXTargetDependency;
			target = D99070FD272C670200BEAC74 /* WeatherApp */;
			targetProxy = D9907115272C670300BEAC74 /* PBXContainerItemProxy */;
		};
		D9907121272C670300BEAC74 /* PBXTargetDependency */ = {
			isa = PBXTargetDependency;
			target = D99070FD272C670200BEAC74 /* WeatherApp */;
			targetProxy = D9907120272C670300BEAC74 /* PBXContainerItemProxy */;
		};
/* End PBXTargetDependency section */

/* Begin PBXVariantGroup section */
		D9907107272C670200BEAC74 /* Main.storyboard */ = {
			isa = PBXVariantGroup;
			children = (
				D9907108272C670200BEAC74 /* Base */,
			);
			name = Main.storyboard;
			sourceTree = "<group>";
		};
		D990710C272C670300BEAC74 /* LaunchScreen.storyboard */ = {
			isa = PBXVariantGroup;
			children = (
				D990710D272C670300BEAC74 /* Base */,
			);
			name = LaunchScreen.storyboard;
			sourceTree = "<group>";
		};
/* End PBXVariantGroup section */

/* Begin XCBuildConfiguration section */
		D9907126272C670300BEAC74 /* Debug */ = {
			isa = XCBuildConfiguration;
			buildSettings = {
				ALWAYS_SEARCH_USER_PATHS = NO;
				CLANG_ANALYZER_NONNULL = YES;
				CLANG_ANALYZER_NUMBER_OBJECT_CONVERSION = YES_AGGRESSIVE;
				CLANG_CXX_LANGUAGE_STANDARD = "gnu++14";
				CLANG_CXX_LIBRARY = "libc++";
				CLANG_ENABLE_MODULES = YES;
				CLANG_ENABLE_OBJC_ARC = YES;
				CLANG_ENABLE_OBJC_WEAK = YES;
				CLANG_WARN_BLOCK_CAPTURE_AUTORELEASING = YES;
				CLANG_WARN_BOOL_CONVERSION = YES;
				CLANG_WARN_COMMA = YES;
				CLANG_WARN_CONSTANT_CONVERSION = YES;
				CLANG_WARN_DEPRECATED_OBJC_IMPLEMENTATIONS = YES;
				CLANG_WARN_DIRECT_OBJC_ISA_USAGE = YES_ERROR;
				CLANG_WARN_DOCUMENTATION_COMMENTS = YES;
				CLANG_WARN_EMPTY_BODY = YES;
				CLANG_WARN_ENUM_CONVERSION = YES;
				CLANG_WARN_INFINITE_RECURSION = YES;
				CLANG_WARN_INT_CONVERSION = YES;
				CLANG_WARN_NON_LITERAL_NULL_CONVERSION = YES;
				CLANG_WARN_OBJC_IMPLICIT_RETAIN_SELF = YES;
				CLANG_WARN_OBJC_LITERAL_CONVERSION = YES;
				CLANG_WARN_OBJC_ROOT_CLASS = YES_ERROR;
				CLANG_WARN_QUOTED_INCLUDE_IN_FRAMEWORK_HEADER = YES;
				CLANG_WARN_RANGE_LOOP_ANALYSIS = YES;
				CLANG_WARN_STRICT_PROTOTYPES = YES;
				CLANG_WARN_SUSPICIOUS_MOVE = YES;
				CLANG_WARN_UNGUARDED_AVAILABILITY = YES_AGGRESSIVE;
				CLANG_WARN_UNREACHABLE_CODE = YES;
				CLANG_WARN__DUPLICATE_METHOD_MATCH = YES;
				COPY_PHASE_STRIP = NO;
				DEBUG_INFORMATION_FORMAT = dwarf;
				ENABLE_STRICT_OBJC_MSGSEND = YES;
				ENABLE_TESTABILITY = YES;
				GCC_C_LANGUAGE_STANDARD = gnu11;
				GCC_DYNAMIC_NO_PIC = NO;
				GCC_NO_COMMON_BLOCKS = YES;
				GCC_OPTIMIZATION_LEVEL = 0;
				GCC_PREPROCESSOR_DEFINITIONS = (
					"DEBUG=1",
					"$(inherited)",
				);
				GCC_WARN_64_TO_32_BIT_CONVERSION = YES;
				GCC_WARN_ABOUT_RETURN_TYPE = YES_ERROR;
				GCC_WARN_UNDECLARED_SELECTOR = YES;
				GCC_WARN_UNINITIALIZED_AUTOS = YES_AGGRESSIVE;
				GCC_WARN_UNUSED_FUNCTION = YES;
				GCC_WARN_UNUSED_VARIABLE = YES;
				IPHONEOS_DEPLOYMENT_TARGET = 14.5;
				MTL_ENABLE_DEBUG_INFO = INCLUDE_SOURCE;
				MTL_FAST_MATH = YES;
				ONLY_ACTIVE_ARCH = YES;
				SDKROOT = iphoneos;
				SWIFT_ACTIVE_COMPILATION_CONDITIONS = DEBUG;
				SWIFT_OPTIMIZATION_LEVEL = "-Onone";
			};
			name = Debug;
		};
		D9907127272C670300BEAC74 /* Release */ = {
			isa = XCBuildConfiguration;
			buildSettings = {
				ALWAYS_SEARCH_USER_PATHS = NO;
				CLANG_ANALYZER_NONNULL = YES;
				CLANG_ANALYZER_NUMBER_OBJECT_CONVERSION = YES_AGGRESSIVE;
				CLANG_CXX_LANGUAGE_STANDARD = "gnu++14";
				CLANG_CXX_LIBRARY = "libc++";
				CLANG_ENABLE_MODULES = YES;
				CLANG_ENABLE_OBJC_ARC = YES;
				CLANG_ENABLE_OBJC_WEAK = YES;
				CLANG_WARN_BLOCK_CAPTURE_AUTORELEASING = YES;
				CLANG_WARN_BOOL_CONVERSION = YES;
				CLANG_WARN_COMMA = YES;
				CLANG_WARN_CONSTANT_CONVERSION = YES;
				CLANG_WARN_DEPRECATED_OBJC_IMPLEMENTATIONS = YES;
				CLANG_WARN_DIRECT_OBJC_ISA_USAGE = YES_ERROR;
				CLANG_WARN_DOCUMENTATION_COMMENTS = YES;
				CLANG_WARN_EMPTY_BODY = YES;
				CLANG_WARN_ENUM_CONVERSION = YES;
				CLANG_WARN_INFINITE_RECURSION = YES;
				CLANG_WARN_INT_CONVERSION = YES;
				CLANG_WARN_NON_LITERAL_NULL_CONVERSION = YES;
				CLANG_WARN_OBJC_IMPLICIT_RETAIN_SELF = YES;
				CLANG_WARN_OBJC_LITERAL_CONVERSION = YES;
				CLANG_WARN_OBJC_ROOT_CLASS = YES_ERROR;
				CLANG_WARN_QUOTED_INCLUDE_IN_FRAMEWORK_HEADER = YES;
				CLANG_WARN_RANGE_LOOP_ANALYSIS = YES;
				CLANG_WARN_STRICT_PROTOTYPES = YES;
				CLANG_WARN_SUSPICIOUS_MOVE = YES;
				CLANG_WARN_UNGUARDED_AVAILABILITY = YES_AGGRESSIVE;
				CLANG_WARN_UNREACHABLE_CODE = YES;
				CLANG_WARN__DUPLICATE_METHOD_MATCH = YES;
				COPY_PHASE_STRIP = NO;
				DEBUG_INFORMATION_FORMAT = "dwarf-with-dsym";
				ENABLE_NS_ASSERTIONS = NO;
				ENABLE_STRICT_OBJC_MSGSEND = YES;
				GCC_C_LANGUAGE_STANDARD = gnu11;
				GCC_NO_COMMON_BLOCKS = YES;
				GCC_WARN_64_TO_32_BIT_CONVERSION = YES;
				GCC_WARN_ABOUT_RETURN_TYPE = YES_ERROR;
				GCC_WARN_UNDECLARED_SELECTOR = YES;
				GCC_WARN_UNINITIALIZED_AUTOS = YES_AGGRESSIVE;
				GCC_WARN_UNUSED_FUNCTION = YES;
				GCC_WARN_UNUSED_VARIABLE = YES;
				IPHONEOS_DEPLOYMENT_TARGET = 14.5;
				MTL_ENABLE_DEBUG_INFO = NO;
				MTL_FAST_MATH = YES;
				SDKROOT = iphoneos;
				SWIFT_COMPILATION_MODE = wholemodule;
				SWIFT_OPTIMIZATION_LEVEL = "-O";
				VALIDATE_PRODUCT = YES;
			};
			name = Release;
		};
		D9907129272C670300BEAC74 /* Debug */ = {
			isa = XCBuildConfiguration;
			baseConfigurationReference = B2AC7325F8C0D1B17D4C8880 /* Pods-WeatherApp.debug.xcconfig */;
			buildSettings = {
				ASSETCATALOG_COMPILER_APPICON_NAME = AppIcon;
				ASSETCATALOG_COMPILER_GLOBAL_ACCENT_COLOR_NAME = AccentColor;
				CODE_SIGN_STYLE = Automatic;
				DEVELOPMENT_TEAM = F65ZPM32FU;
				INFOPLIST_FILE = WeatherApp/Info.plist;
				LD_RUNPATH_SEARCH_PATHS = (
					"$(inherited)",
					"@executable_path/Frameworks",
				);
				PRODUCT_BUNDLE_IDENTIFIER = com.gambogo.WeatherApp;
				PRODUCT_NAME = "$(TARGET_NAME)";
				SWIFT_VERSION = 5.0;
				TARGETED_DEVICE_FAMILY = "1,2";
			};
			name = Debug;
		};
		D990712A272C670300BEAC74 /* Release */ = {
			isa = XCBuildConfiguration;
			baseConfigurationReference = E4703E68BCA4546F67EAE6F7 /* Pods-WeatherApp.release.xcconfig */;
			buildSettings = {
				ASSETCATALOG_COMPILER_APPICON_NAME = AppIcon;
				ASSETCATALOG_COMPILER_GLOBAL_ACCENT_COLOR_NAME = AccentColor;
				CODE_SIGN_STYLE = Automatic;
				DEVELOPMENT_TEAM = F65ZPM32FU;
				INFOPLIST_FILE = WeatherApp/Info.plist;
				LD_RUNPATH_SEARCH_PATHS = (
					"$(inherited)",
					"@executable_path/Frameworks",
				);
				PRODUCT_BUNDLE_IDENTIFIER = com.gambogo.WeatherApp;
				PRODUCT_NAME = "$(TARGET_NAME)";
				SWIFT_VERSION = 5.0;
				TARGETED_DEVICE_FAMILY = "1,2";
			};
			name = Release;
		};
		D990712C272C670300BEAC74 /* Debug */ = {
			isa = XCBuildConfiguration;
			baseConfigurationReference = 1DC3F57135661E33D29288B1 /* Pods-WeatherAppTests.debug.xcconfig */;
			buildSettings = {
				ALWAYS_EMBED_SWIFT_STANDARD_LIBRARIES = YES;
				BUNDLE_LOADER = "$(TEST_HOST)";
				CODE_SIGN_STYLE = Automatic;
				DEVELOPMENT_TEAM = F65ZPM32FU;
				INFOPLIST_FILE = WeatherAppTests/Info.plist;
				IPHONEOS_DEPLOYMENT_TARGET = 14.5;
				LD_RUNPATH_SEARCH_PATHS = (
					"$(inherited)",
					"@executable_path/Frameworks",
					"@loader_path/Frameworks",
				);
				PRODUCT_BUNDLE_IDENTIFIER = com.gambogo.WeatherAppTests;
				PRODUCT_NAME = "$(TARGET_NAME)";
				SWIFT_VERSION = 5.0;
				TARGETED_DEVICE_FAMILY = "1,2";
				TEST_HOST = "$(BUILT_PRODUCTS_DIR)/WeatherApp.app/WeatherApp";
			};
			name = Debug;
		};
		D990712D272C670300BEAC74 /* Release */ = {
			isa = XCBuildConfiguration;
			baseConfigurationReference = 60432DFFE9E703687FF5744B /* Pods-WeatherAppTests.release.xcconfig */;
			buildSettings = {
				ALWAYS_EMBED_SWIFT_STANDARD_LIBRARIES = YES;
				BUNDLE_LOADER = "$(TEST_HOST)";
				CODE_SIGN_STYLE = Automatic;
				DEVELOPMENT_TEAM = F65ZPM32FU;
				INFOPLIST_FILE = WeatherAppTests/Info.plist;
				IPHONEOS_DEPLOYMENT_TARGET = 14.5;
				LD_RUNPATH_SEARCH_PATHS = (
					"$(inherited)",
					"@executable_path/Frameworks",
					"@loader_path/Frameworks",
				);
				PRODUCT_BUNDLE_IDENTIFIER = com.gambogo.WeatherAppTests;
				PRODUCT_NAME = "$(TARGET_NAME)";
				SWIFT_VERSION = 5.0;
				TARGETED_DEVICE_FAMILY = "1,2";
				TEST_HOST = "$(BUILT_PRODUCTS_DIR)/WeatherApp.app/WeatherApp";
			};
			name = Release;
		};
		D990712F272C670300BEAC74 /* Debug */ = {
			isa = XCBuildConfiguration;
			baseConfigurationReference = 7248D4B1EDFA9838AE462B42 /* Pods-WeatherAppUITests.debug.xcconfig */;
			buildSettings = {
				ALWAYS_EMBED_SWIFT_STANDARD_LIBRARIES = YES;
				CODE_SIGN_STYLE = Automatic;
				DEVELOPMENT_TEAM = F65ZPM32FU;
				INFOPLIST_FILE = WeatherAppUITests/Info.plist;
				LD_RUNPATH_SEARCH_PATHS = (
					"$(inherited)",
					"@executable_path/Frameworks",
					"@loader_path/Frameworks",
				);
				PRODUCT_BUNDLE_IDENTIFIER = com.gambogo.WeatherAppUITests;
				PRODUCT_NAME = "$(TARGET_NAME)";
				SWIFT_VERSION = 5.0;
				TARGETED_DEVICE_FAMILY = "1,2";
				TEST_TARGET_NAME = WeatherApp;
			};
			name = Debug;
		};
		D9907130272C670300BEAC74 /* Release */ = {
			isa = XCBuildConfiguration;
			baseConfigurationReference = B883E9513EDEFB01F3A21AD6 /* Pods-WeatherAppUITests.release.xcconfig */;
			buildSettings = {
				ALWAYS_EMBED_SWIFT_STANDARD_LIBRARIES = YES;
				CODE_SIGN_STYLE = Automatic;
				DEVELOPMENT_TEAM = F65ZPM32FU;
				INFOPLIST_FILE = WeatherAppUITests/Info.plist;
				LD_RUNPATH_SEARCH_PATHS = (
					"$(inherited)",
					"@executable_path/Frameworks",
					"@loader_path/Frameworks",
				);
				PRODUCT_BUNDLE_IDENTIFIER = com.gambogo.WeatherAppUITests;
				PRODUCT_NAME = "$(TARGET_NAME)";
				SWIFT_VERSION = 5.0;
				TARGETED_DEVICE_FAMILY = "1,2";
				TEST_TARGET_NAME = WeatherApp;
			};
			name = Release;
		};
/* End XCBuildConfiguration section */

/* Begin XCConfigurationList section */
		D99070F9272C670200BEAC74 /* Build configuration list for PBXProject "WeatherApp" */ = {
			isa = XCConfigurationList;
			buildConfigurations = (
				D9907126272C670300BEAC74 /* Debug */,
				D9907127272C670300BEAC74 /* Release */,
			);
			defaultConfigurationIsVisible = 0;
			defaultConfigurationName = Release;
		};
		D9907128272C670300BEAC74 /* Build configuration list for PBXNativeTarget "WeatherApp" */ = {
			isa = XCConfigurationList;
			buildConfigurations = (
				D9907129272C670300BEAC74 /* Debug */,
				D990712A272C670300BEAC74 /* Release */,
			);
			defaultConfigurationIsVisible = 0;
			defaultConfigurationName = Release;
		};
		D990712B272C670300BEAC74 /* Build configuration list for PBXNativeTarget "WeatherAppTests" */ = {
			isa = XCConfigurationList;
			buildConfigurations = (
				D990712C272C670300BEAC74 /* Debug */,
				D990712D272C670300BEAC74 /* Release */,
			);
			defaultConfigurationIsVisible = 0;
			defaultConfigurationName = Release;
		};
		D990712E272C670300BEAC74 /* Build configuration list for PBXNativeTarget "WeatherAppUITests" */ = {
			isa = XCConfigurationList;
			buildConfigurations = (
				D990712F272C670300BEAC74 /* Debug */,
				D9907130272C670300BEAC74 /* Release */,
			);
			defaultConfigurationIsVisible = 0;
			defaultConfigurationName = Release;
		};
/* End XCConfigurationList section */
	};
	rootObject = D99070F6272C670200BEAC74 /* Project object */;
}
